
Microsoft Visual Studio Solution File, Format Version 12.00
# Visual Studio Version 17
VisualStudioVersion = 17.11.35327.3
MinimumVisualStudioVersion = 10.0.40219.1
Project("{2150E333-8FDC-42A3-9474-1A3956D46DE8}") = "src", "src", "{295D41BC-8E62-46F1-97E8-D9A7CC1ABCC1}"
EndProject
Project("{FAE04EC0-301F-11D3-BF4B-00C04F79EFBC}") = "HotelBooking.API", "src\HotelBooking.API\HotelBooking.API.csproj", "{04929FAD-7EC3-4D64-8904-8B51B15F2CBF}"
EndProject
Project("{FAE04EC0-301F-11D3-BF4B-00C04F79EFBC}") = "HotelBooking.Application", "src\HotelBooking.Application\HotelBooking.Application.csproj", "{A4BEDD8E-7EFC-43CE-91E8-807ADBAA0495}"
EndProject
Project("{FAE04EC0-301F-11D3-BF4B-00C04F79EFBC}") = "HotelBooking.Domain", "src\HotelBooking.Domain\HotelBooking.Domain.csproj", "{A3DE5D1C-01AA-4F91-AA06-2EA6A41E5221}"
EndProject
Project("{FAE04EC0-301F-11D3-BF4B-00C04F79EFBC}") = "HotelBooking.Infrastructure", "src\HotelBooking.Infrastructure\HotelBooking.Infrastructure.csproj", "{443CD77D-8136-452E-91FB-9D9B1FF44D30}"
EndProject
Project("{FAE04EC0-301F-11D3-BF4B-00C04F79EFBC}") = "HotelBooking.Shared", "src\HotelBooking.Shared\HotelBooking.Shared.csproj", "{4C449237-CF71-4ADF-8F95-684723477A70}"
EndProject
Project("{2150E333-8FDC-42A3-9474-1A3956D46DE8}") = "tests", "tests", "{50C2E2F2-25B7-4E73-ACE2-9567F45B8B38}"
EndProject
Project("{FAE04EC0-301F-11D3-BF4B-00C04F79EFBC}") = "HotelBooking.UnitTests", "tests\HotelBooking.UnitTests\HotelBooking.UnitTests.csproj", "{800D74B4-02B8-4DBD-8370-6876647F1853}"
EndProject
Project("{FAE04EC0-301F-11D3-BF4B-00C04F79EFBC}") = "HotelBooking.IntegrationTests", "tests\HotelBooking.IntegrationTests\HotelBooking.IntegrationTests.csproj", "{A7B0961D-7FFB-4D19-A7C6-DF0C3A126414}"
EndProject
Global
	GlobalSection(SolutionProperties) = preSolution
		HideSolutionNode = FALSE
	EndGlobalSection
	GlobalSection(ExtensibilityGlobals) = postSolution
		SolutionGuid = {5477E97D-D8BE-4CE0-923E-3C6D06DC3009}
	EndGlobalSection
	GlobalSection(SolutionConfigurationPlatforms) = preSolution
		Debug|Any CPU = Debug|Any CPU
		Debug|x64 = Debug|x64
		Debug|x86 = Debug|x86
		Release|Any CPU = Release|Any CPU
		Release|x64 = Release|x64
		Release|x86 = Release|x86
	EndGlobalSection
	GlobalSection(ProjectConfigurationPlatforms) = postSolution
		{04929FAD-7EC3-4D64-8904-8B51B15F2CBF}.Debug|Any CPU.ActiveCfg = Debug|Any CPU
		{04929FAD-7EC3-4D64-8904-8B51B15F2CBF}.Debug|Any CPU.Build.0 = Debug|Any CPU
		{04929FAD-7EC3-4D64-8904-8B51B15F2CBF}.Debug|x64.ActiveCfg = Debug|Any CPU
		{04929FAD-7EC3-4D64-8904-8B51B15F2CBF}.Debug|x64.Build.0 = Debug|Any CPU
		{04929FAD-7EC3-4D64-8904-8B51B15F2CBF}.Debug|x86.ActiveCfg = Debug|Any CPU
		{04929FAD-7EC3-4D64-8904-8B51B15F2CBF}.Debug|x86.Build.0 = Debug|Any CPU
		{04929FAD-7EC3-4D64-8904-8B51B15F2CBF}.Release|Any CPU.ActiveCfg = Release|Any CPU
		{04929FAD-7EC3-4D64-8904-8B51B15F2CBF}.Release|Any CPU.Build.0 = Release|Any CPU
		{04929FAD-7EC3-4D64-8904-8B51B15F2CBF}.Release|x64.ActiveCfg = Release|Any CPU
		{04929FAD-7EC3-4D64-8904-8B51B15F2CBF}.Release|x64.Build.0 = Release|Any CPU
		{04929FAD-7EC3-4D64-8904-8B51B15F2CBF}.Release|x86.ActiveCfg = Release|Any CPU
		{04929FAD-7EC3-4D64-8904-8B51B15F2CBF}.Release|x86.Build.0 = Release|Any CPU
		{A4BEDD8E-7EFC-43CE-91E8-807ADBAA0495}.Debug|Any CPU.ActiveCfg = Debug|Any CPU
		{A4BEDD8E-7EFC-43CE-91E8-807ADBAA0495}.Debug|Any CPU.Build.0 = Debug|Any CPU
		{A4BEDD8E-7EFC-43CE-91E8-807ADBAA0495}.Debug|x64.ActiveCfg = Debug|Any CPU
		{A4BEDD8E-7EFC-43CE-91E8-807ADBAA0495}.Debug|x64.Build.0 = Debug|Any CPU
		{A4BEDD8E-7EFC-43CE-91E8-807ADBAA0495}.Debug|x86.ActiveCfg = Debug|Any CPU
		{A4BEDD8E-7EFC-43CE-91E8-807ADBAA0495}.Debug|x86.Build.0 = Debug|Any CPU
		{A4BEDD8E-7EFC-43CE-91E8-807ADBAA0495}.Release|Any CPU.ActiveCfg = Release|Any CPU
		{A4BEDD8E-7EFC-43CE-91E8-807ADBAA0495}.Release|Any CPU.Build.0 = Release|Any CPU
		{A4BEDD8E-7EFC-43CE-91E8-807ADBAA0495}.Release|x64.ActiveCfg = Release|Any CPU
		{A4BEDD8E-7EFC-43CE-91E8-807ADBAA0495}.Release|x64.Build.0 = Release|Any CPU
		{A4BEDD8E-7EFC-43CE-91E8-807ADBAA0495}.Release|x86.ActiveCfg = Release|Any CPU
		{A4BEDD8E-7EFC-43CE-91E8-807ADBAA0495}.Release|x86.Build.0 = Release|Any CPU
		{A3DE5D1C-01AA-4F91-AA06-2EA6A41E5221}.Debug|Any CPU.ActiveCfg = Debug|Any CPU
		{A3DE5D1C-01AA-4F91-AA06-2EA6A41E5221}.Debug|Any CPU.Build.0 = Debug|Any CPU
		{A3DE5D1C-01AA-4F91-AA06-2EA6A41E5221}.Debug|x64.ActiveCfg = Debug|Any CPU
		{A3DE5D1C-01AA-4F91-AA06-2EA6A41E5221}.Debug|x64.Build.0 = Debug|Any CPU
		{A3DE5D1C-01AA-4F91-AA06-2EA6A41E5221}.Debug|x86.ActiveCfg = Debug|Any CPU
		{A3DE5D1C-01AA-4F91-AA06-2EA6A41E5221}.Debug|x86.Build.0 = Debug|Any CPU
		{A3DE5D1C-01AA-4F91-AA06-2EA6A41E5221}.Release|Any CPU.ActiveCfg = Release|Any CPU
		{A3DE5D1C-01AA-4F91-AA06-2EA6A41E5221}.Release|Any CPU.Build.0 = Release|Any CPU
		{A3DE5D1C-01AA-4F91-AA06-2EA6A41E5221}.Release|x64.ActiveCfg = Release|Any CPU
		{A3DE5D1C-01AA-4F91-AA06-2EA6A41E5221}.Release|x64.Build.0 = Release|Any CPU
		{A3DE5D1C-01AA-4F91-AA06-2EA6A41E5221}.Release|x86.ActiveCfg = Release|Any CPU
		{A3DE5D1C-01AA-4F91-AA06-2EA6A41E5221}.Release|x86.Build.0 = Release|Any CPU
		{443CD77D-8136-452E-91FB-9D9B1FF44D30}.Debug|Any CPU.ActiveCfg = Debug|Any CPU
		{443CD77D-8136-452E-91FB-9D9B1FF44D30}.Debug|Any CPU.Build.0 = Debug|Any CPU
		{443CD77D-8136-452E-91FB-9D9B1FF44D30}.Debug|x64.ActiveCfg = Debug|Any CPU
		{443CD77D-8136-452E-91FB-9D9B1FF44D30}.Debug|x64.Build.0 = Debug|Any CPU
		{443CD77D-8136-452E-91FB-9D9B1FF44D30}.Debug|x86.ActiveCfg = Debug|Any CPU
		{443CD77D-8136-452E-91FB-9D9B1FF44D30}.Debug|x86.Build.0 = Debug|Any CPU
		{443CD77D-8136-452E-91FB-9D9B1FF44D30}.Release|Any CPU.ActiveCfg = Release|Any CPU
		{443CD77D-8136-452E-91FB-9D9B1FF44D30}.Release|Any CPU.Build.0 = Release|Any CPU
		{443CD77D-8136-452E-91FB-9D9B1FF44D30}.Release|x64.ActiveCfg = Release|Any CPU
		{443CD77D-8136-452E-91FB-9D9B1FF44D30}.Release|x64.Build.0 = Release|Any CPU
		{443CD77D-8136-452E-91FB-9D9B1FF44D30}.Release|x86.ActiveCfg = Release|Any CPU
		{443CD77D-8136-452E-91FB-9D9B1FF44D30}.Release|x86.Build.0 = Release|Any CPU
		{4C449237-CF71-4ADF-8F95-684723477A70}.Debug|Any CPU.ActiveCfg = Debug|Any CPU
		{4C449237-CF71-4ADF-8F95-684723477A70}.Debug|Any CPU.Build.0 = Debug|Any CPU
		{4C449237-CF71-4ADF-8F95-684723477A70}.Debug|x64.ActiveCfg = Debug|Any CPU
		{4C449237-CF71-4ADF-8F95-684723477A70}.Debug|x64.Build.0 = Debug|Any CPU
		{4C449237-CF71-4ADF-8F95-684723477A70}.Debug|x86.ActiveCfg = Debug|Any CPU
		{4C449237-CF71-4ADF-8F95-684723477A70}.Debug|x86.Build.0 = Debug|Any CPU
		{4C449237-CF71-4ADF-8F95-684723477A70}.Release|Any CPU.ActiveCfg = Release|Any CPU
		{4C449237-CF71-4ADF-8F95-684723477A70}.Release|Any CPU.Build.0 = Release|Any CPU
		{4C449237-CF71-4ADF-8F95-684723477A70}.Release|x64.ActiveCfg = Release|Any CPU
		{4C449237-CF71-4ADF-8F95-684723477A70}.Release|x64.Build.0 = Release|Any CPU
		{4C449237-CF71-4ADF-8F95-684723477A70}.Release|x86.ActiveCfg = Release|Any CPU
		{4C449237-CF71-4ADF-8F95-684723477A70}.Release|x86.Build.0 = Release|Any CPU
		{800D74B4-02B8-4DBD-8370-6876647F1853}.Debug|Any CPU.ActiveCfg = Debug|Any CPU
		{800D74B4-02B8-4DBD-8370-6876647F1853}.Debug|Any CPU.Build.0 = Debug|Any CPU
		{800D74B4-02B8-4DBD-8370-6876647F1853}.Debug|x64.ActiveCfg = Debug|Any CPU
		{800D74B4-02B8-4DBD-8370-6876647F1853}.Debug|x64.Build.0 = Debug|Any CPU
		{800D74B4-02B8-4DBD-8370-6876647F1853}.Debug|x86.ActiveCfg = Debug|Any CPU
		{800D74B4-02B8-4DBD-8370-6876647F1853}.Debug|x86.Build.0 = Debug|Any CPU
		{800D74B4-02B8-4DBD-8370-6876647F1853}.Release|Any CPU.ActiveCfg = Release|Any CPU
		{800D74B4-02B8-4DBD-8370-6876647F1853}.Release|Any CPU.Build.0 = Release|Any CPU
		{800D74B4-02B8-4DBD-8370-6876647F1853}.Release|x64.ActiveCfg = Release|Any CPU
		{800D74B4-02B8-4DBD-8370-6876647F1853}.Release|x64.Build.0 = Release|Any CPU
		{800D74B4-02B8-4DBD-8370-6876647F1853}.Release|x86.ActiveCfg = Release|Any CPU
		{800D74B4-02B8-4DBD-8370-6876647F1853}.Release|x86.Build.0 = Release|Any CPU
		{A7B0961D-7FFB-4D19-A7C6-DF0C3A126414}.Debug|Any CPU.ActiveCfg = Debug|Any CPU
		{A7B0961D-7FFB-4D19-A7C6-DF0C3A126414}.Debug|Any CPU.Build.0 = Debug|Any CPU
		{A7B0961D-7FFB-4D19-A7C6-DF0C3A126414}.Debug|x64.ActiveCfg = Debug|Any CPU
		{A7B0961D-7FFB-4D19-A7C6-DF0C3A126414}.Debug|x64.Build.0 = Debug|Any CPU
		{A7B0961D-7FFB-4D19-A7C6-DF0C3A126414}.Debug|x86.ActiveCfg = Debug|Any CPU
		{A7B0961D-7FFB-4D19-A7C6-DF0C3A126414}.Debug|x86.Build.0 = Debug|Any CPU
		{A7B0961D-7FFB-4D19-A7C6-DF0C3A126414}.Release|Any CPU.ActiveCfg = Release|Any CPU
		{A7B0961D-7FFB-4D19-A7C6-DF0C3A126414}.Release|Any CPU.Build.0 = Release|Any CPU
		{A7B0961D-7FFB-4D19-A7C6-DF0C3A126414}.Release|x64.ActiveCfg = Release|Any CPU
		{A7B0961D-7FFB-4D19-A7C6-DF0C3A126414}.Release|x64.Build.0 = Release|Any CPU
		{A7B0961D-7FFB-4D19-A7C6-DF0C3A126414}.Release|x86.ActiveCfg = Release|Any CPU
		{A7B0961D-7FFB-4D19-A7C6-DF0C3A126414}.Release|x86.Build.0 = Release|Any CPU
	EndGlobalSection
	GlobalSection(NestedProjects) = preSolution
		{04929FAD-7EC3-4D64-8904-8B51B15F2CBF} = {295D41BC-8E62-46F1-97E8-D9A7CC1ABCC1}
		{A4BEDD8E-7EFC-43CE-91E8-807ADBAA0495} = {295D41BC-8E62-46F1-97E8-D9A7CC1ABCC1}
		{A3DE5D1C-01AA-4F91-AA06-2EA6A41E5221} = {295D41BC-8E62-46F1-97E8-D9A7CC1ABCC1}
		{443CD77D-8136-452E-91FB-9D9B1FF44D30} = {295D41BC-8E62-46F1-97E8-D9A7CC1ABCC1}
		{4C449237-CF71-4ADF-8F95-684723477A70} = {295D41BC-8E62-46F1-97E8-D9A7CC1ABCC1}
		{800D74B4-02B8-4DBD-8370-6876647F1853} = {50C2E2F2-25B7-4E73-ACE2-9567F45B8B38}
		{A7B0961D-7FFB-4D19-A7C6-DF0C3A126414} = {50C2E2F2-25B7-4E73-ACE2-9567F45B8B38}
	EndGlobalSection
EndGlobal
